
Microsoft Visual Studio Solution File, Format Version 10.00
# Visual Studio 2008
Project("{8BC9CEB8-8B4A-11D0-8D11-00A0C91BC942}") = "prog_del", "prog_del.vcproj", "{FE8201A0-584B-4089-B85E-9BF232D20454}"
EndProject
Global
	GlobalSection(SolutionConfigurationPlatforms) = preSolution
		Debug|Win32 = Debug|Win32
		Release|Win32 = Release|Win32
	EndGlobalSection
	GlobalSection(ProjectConfigurationPlatforms) = postSolution
		{FE8201A0-584B-4089-B85E-9BF232D20454}.Debug|Win32.ActiveCfg = Debug|Win32
		{FE8201A0-584B-4089-B85E-9BF232D20454}.Debug|Win32.Build.0 = Debug|Win32
		{FE8201A0-584B-4089-B85E-9BF232D20454}.Release|Win32.ActiveCfg = Release|Win32
		{FE8201A0-584B-4089-B85E-9BF232D20454}.Release|Win32.Build.0 = Release|Win32
	EndGlobalSection
	GlobalSection(SolutionProperties) = preSolution
		HideSolutionNode = FALSE
	EndGlobalSection
EndGlobal
